{
  "version": 3,
  "targets": {
    "net6.0": {}
  },
  "libraries": {},
  "projectFileDependencyGroups": {
    "net6.0": []
  },
  "packageFolders": {
    "/Users/amyyyy/.nuget/packages/": {}
  },
  "project": {
    "version": "1.0.0",
    "restore": {
      "projectUniqueName": "/Users/amyyyy/Projects/MP1/MP1/MP1.csproj",
      "projectName": "MP1",
      "projectPath": "/Users/amyyyy/Projects/MP1/MP1/MP1.csproj",
      "packagesPath": "/Users/amyyyy/.nuget/packages/",
      "outputPath": "/Users/amyyyy/Projects/MP1/MP1/obj/",
      "projectStyle": "PackageReference",
      "configFilePaths": [
        "/Users/amyyyy/.nuget/NuGet/NuGet.Config"
      ],
      "originalTargetFrameworks": [
        "net6.0"
      ],
      "sources": {
        "https://api.nuget.org/v3/index.json": {}
      },
      "frameworks": {
        "net6.0": {
          "targetAlias": "net6.0",
          "projectReferences": {}
        }
      },
      "warningProperties": {
        "warnAsError": [
          "NU1605"
        ]
      }
    },
    "frameworks": {
      "net6.0": {
        "targetAlias": "net6.0",
        "imports": [
          "net461",
          "net462",
          "net47",
          "net471",
          "net472",
          "net48",
          "net481"
        ],
        "assetTargetFallback": true,
        "warn": true,
        "frameworkReferences": {
          "Microsoft.NETCore.App": {
            "privateAssets": "all"
          }
        },
        "runtimeIdentifierGraphPath": "/usr/local/share/dotnet/sdk/6.0.402/RuntimeIdentifierGraph.json"
      }
    }
  }
}